// !$*UTF8*$!
{
	archiveVersion = 1;
	classes = {
	};
	objectVersion = 56;
	objects = {

/* Begin PBXBuildFile section */
		62162E3B2AA2047400FFE6D1 /* HomeViewController.swift in Sources */ = {isa = PBXBuildFile; fileRef = 62162E3A2AA2047400FFE6D1 /* HomeViewController.swift */; };
		62162E3E2AA2048400FFE6D1 /* DetailViewController.swift in Sources */ = {isa = PBXBuildFile; fileRef = 62162E3D2AA2048400FFE6D1 /* DetailViewController.swift */; };
		62162E402AA2048D00FFE6D1 /* SearchViewController.swift in Sources */ = {isa = PBXBuildFile; fileRef = 62162E3F2AA2048D00FFE6D1 /* SearchViewController.swift */; };
		62162E422AA2049700FFE6D1 /* SearchViewModel.swift in Sources */ = {isa = PBXBuildFile; fileRef = 62162E412AA2049700FFE6D1 /* SearchViewModel.swift */; };
		62162E442AA204A000FFE6D1 /* DetailViewModel.swift in Sources */ = {isa = PBXBuildFile; fileRef = 62162E432AA204A000FFE6D1 /* DetailViewModel.swift */; };
		62162E462AA204A900FFE6D1 /* HomeViewModel.swift in Sources */ = {isa = PBXBuildFile; fileRef = 62162E452AA204A900FFE6D1 /* HomeViewModel.swift */; };
		62162E482AA204CB00FFE6D1 /* SearchViewModelProtocol.swift in Sources */ = {isa = PBXBuildFile; fileRef = 62162E472AA204CB00FFE6D1 /* SearchViewModelProtocol.swift */; };
		62162E4A2AA204D600FFE6D1 /* DetailViewModelProtocol.swift in Sources */ = {isa = PBXBuildFile; fileRef = 62162E492AA204D600FFE6D1 /* DetailViewModelProtocol.swift */; };
		62162E4C2AA204E300FFE6D1 /* HomeViewModelProtocol.swift in Sources */ = {isa = PBXBuildFile; fileRef = 62162E4B2AA204E300FFE6D1 /* HomeViewModelProtocol.swift */; };
		62162E4E2AA2054E00FFE6D1 /* HomeWireframe.swift in Sources */ = {isa = PBXBuildFile; fileRef = 62162E4D2AA2054E00FFE6D1 /* HomeWireframe.swift */; };
		62162E502AA2055900FFE6D1 /* DetailWireframe.swift in Sources */ = {isa = PBXBuildFile; fileRef = 62162E4F2AA2055900FFE6D1 /* DetailWireframe.swift */; };
		62162E522AA2056500FFE6D1 /* SearchWireframe.swift in Sources */ = {isa = PBXBuildFile; fileRef = 62162E512AA2056500FFE6D1 /* SearchWireframe.swift */; };
		62162E552AA2058D00FFE6D1 /* FavoritesViewModelProtocol.swift in Sources */ = {isa = PBXBuildFile; fileRef = 62162E542AA2058D00FFE6D1 /* FavoritesViewModelProtocol.swift */; };
		62162E572AA205A100FFE6D1 /* FavoritesViewModel.swift in Sources */ = {isa = PBXBuildFile; fileRef = 62162E562AA205A100FFE6D1 /* FavoritesViewModel.swift */; };
		62162E592AA205AB00FFE6D1 /* FavoritesWireframe.swift in Sources */ = {isa = PBXBuildFile; fileRef = 62162E582AA205AB00FFE6D1 /* FavoritesWireframe.swift */; };
		62162E5B2AA205B300FFE6D1 /* FavoritesViewController.swift in Sources */ = {isa = PBXBuildFile; fileRef = 62162E5A2AA205B300FFE6D1 /* FavoritesViewController.swift */; };
		62162E5E2AA205F600FFE6D1 /* ApiClient.swift in Sources */ = {isa = PBXBuildFile; fileRef = 62162E5D2AA205F600FFE6D1 /* ApiClient.swift */; };
		62162E612AA2065A00FFE6D1 /* BaseErrors.swift in Sources */ = {isa = PBXBuildFile; fileRef = 62162E602AA2065A00FFE6D1 /* BaseErrors.swift */; };
		62162E642AA2068500FFE6D1 /* CoreDataService.swift in Sources */ = {isa = PBXBuildFile; fileRef = 62162E632AA2068500FFE6D1 /* CoreDataService.swift */; };
		62162E6C2AA206F300FFE6D1 /* Constants.swift in Sources */ = {isa = PBXBuildFile; fileRef = 62162E6B2AA206F300FFE6D1 /* Constants.swift */; };
		62162E702AA20F6400FFE6D1 /* ThumbnailCollectionViewCell.swift in Sources */ = {isa = PBXBuildFile; fileRef = 62162E6F2AA20F6400FFE6D1 /* ThumbnailCollectionViewCell.swift */; };
		62162E722AA2102100FFE6D1 /* UIViewController+Corner.swift in Sources */ = {isa = PBXBuildFile; fileRef = 62162E712AA2102100FFE6D1 /* UIViewController+Corner.swift */; };
		62162E742AA2103E00FFE6D1 /* UIViewController+Alert.swift in Sources */ = {isa = PBXBuildFile; fileRef = 62162E732AA2103E00FFE6D1 /* UIViewController+Alert.swift */; };
		62162E762AA2110A00FFE6D1 /* LoadingView.swift in Sources */ = {isa = PBXBuildFile; fileRef = 62162E752AA2110A00FFE6D1 /* LoadingView.swift */; };
		62162E7A2AA2126300FFE6D1 /* UIView+Gradients.swift in Sources */ = {isa = PBXBuildFile; fileRef = 62162E792AA2126300FFE6D1 /* UIView+Gradients.swift */; };
		62162E7C2AA2172A00FFE6D1 /* FetchMovieListUseCase.swift in Sources */ = {isa = PBXBuildFile; fileRef = 62162E7B2AA2172A00FFE6D1 /* FetchMovieListUseCase.swift */; };
		62162E822AA217D900FFE6D1 /* MovieRepository.swift in Sources */ = {isa = PBXBuildFile; fileRef = 62162E812AA217D900FFE6D1 /* MovieRepository.swift */; };
		62162E842AA2181B00FFE6D1 /* MovieRepositoryProtocol.swift in Sources */ = {isa = PBXBuildFile; fileRef = 62162E832AA2181B00FFE6D1 /* MovieRepositoryProtocol.swift */; };
		62162E862AA21A1200FFE6D1 /* MovieList.swift in Sources */ = {isa = PBXBuildFile; fileRef = 62162E852AA21A1200FFE6D1 /* MovieList.swift */; };
		62162E892AA21D4F00FFE6D1 /* MovieListResponseModel.swift in Sources */ = {isa = PBXBuildFile; fileRef = 62162E882AA21D4F00FFE6D1 /* MovieListResponseModel.swift */; };
		62162E8B2AA2227100FFE6D1 /* UIScrollView+Reload.swift in Sources */ = {isa = PBXBuildFile; fileRef = 62162E8A2AA2227100FFE6D1 /* UIScrollView+Reload.swift */; };
		62162E8D2AA22C3E00FFE6D1 /* LoadingCollectionViewCell.swift in Sources */ = {isa = PBXBuildFile; fileRef = 62162E8C2AA22C3E00FFE6D1 /* LoadingCollectionViewCell.swift */; };
		62162E8F2AA2349600FFE6D1 /* SearchMovieListUseCase.swift in Sources */ = {isa = PBXBuildFile; fileRef = 62162E8E2AA2349600FFE6D1 /* SearchMovieListUseCase.swift */; };
		62162E912AA23EC600FFE6D1 /* GetMovieUseCase.swift in Sources */ = {isa = PBXBuildFile; fileRef = 62162E902AA23EC600FFE6D1 /* GetMovieUseCase.swift */; };
		62162E932AA2408200FFE6D1 /* MovieDetailResponseModel.swift in Sources */ = {isa = PBXBuildFile; fileRef = 62162E922AA2408200FFE6D1 /* MovieDetailResponseModel.swift */; };
		62162E952AA2410900FFE6D1 /* MovieDetail.swift in Sources */ = {isa = PBXBuildFile; fileRef = 62162E942AA2410900FFE6D1 /* MovieDetail.swift */; };
		62162E972AA2495600FFE6D1 /* FetchFavoriteMovieListUseCase.swift in Sources */ = {isa = PBXBuildFile; fileRef = 62162E962AA2495600FFE6D1 /* FetchFavoriteMovieListUseCase.swift */; };
		622068222AA36CF900C4CC94 /* BottomSheetViewController.swift in Sources */ = {isa = PBXBuildFile; fileRef = 622068212AA36CF900C4CC94 /* BottomSheetViewController.swift */; };
		622068252AA3810200C4CC94 /* EmptyView.swift in Sources */ = {isa = PBXBuildFile; fileRef = 622068242AA3810200C4CC94 /* EmptyView.swift */; };
		62805BD32AA31C9700796980 /* AddFavoriteUseCase.swift in Sources */ = {isa = PBXBuildFile; fileRef = 62805BD22AA31C9700796980 /* AddFavoriteUseCase.swift */; };
		62805BD52AA31DE100796980 /* DeleteFavoriteUseCase.swift in Sources */ = {isa = PBXBuildFile; fileRef = 62805BD42AA31DE100796980 /* DeleteFavoriteUseCase.swift */; };
		62805BD82AA3264800796980 /* DetailHeaderTableViewCell.swift in Sources */ = {isa = PBXBuildFile; fileRef = 62805BD72AA3264800796980 /* DetailHeaderTableViewCell.swift */; };
		62805BDA2AA3265200796980 /* DetailBodyTableViewCell.swift in Sources */ = {isa = PBXBuildFile; fileRef = 62805BD92AA3265100796980 /* DetailBodyTableViewCell.swift */; };
		62805BDC2AA328E100796980 /* CircleLabelView.swift in Sources */ = {isa = PBXBuildFile; fileRef = 62805BDB2AA328E100796980 /* CircleLabelView.swift */; };
		62805BDE2AA3418900796980 /* String+Transform.swift in Sources */ = {isa = PBXBuildFile; fileRef = 62805BDD2AA3418900796980 /* String+Transform.swift */; };
		62805BE02AA345A700796980 /* NSNotification.Name+Name.swift in Sources */ = {isa = PBXBuildFile; fileRef = 62805BDF2AA345A700796980 /* NSNotification.Name+Name.swift */; };
		62805BEB2AA34DC400796980 /* MovieManagedObject+CoreDataClass.swift in Sources */ = {isa = PBXBuildFile; fileRef = 62805BE92AA34DC400796980 /* MovieManagedObject+CoreDataClass.swift */; };
		62805BEC2AA34DC400796980 /* MovieManagedObject+CoreDataProperties.swift in Sources */ = {isa = PBXBuildFile; fileRef = 62805BEA2AA34DC400796980 /* MovieManagedObject+CoreDataProperties.swift */; };
		629338102A9F01E5008B0EA7 /* AppDelegate.swift in Sources */ = {isa = PBXBuildFile; fileRef = 6293380F2A9F01E5008B0EA7 /* AppDelegate.swift */; };
		629338122A9F01E5008B0EA7 /* SceneDelegate.swift in Sources */ = {isa = PBXBuildFile; fileRef = 629338112A9F01E5008B0EA7 /* SceneDelegate.swift */; };
		629338192A9F01ED008B0EA7 /* Assets.xcassets in Resources */ = {isa = PBXBuildFile; fileRef = 629338182A9F01ED008B0EA7 /* Assets.xcassets */; };
		6293381C2A9F01ED008B0EA7 /* LaunchScreen.storyboard in Resources */ = {isa = PBXBuildFile; fileRef = 6293381A2A9F01ED008B0EA7 /* LaunchScreen.storyboard */; };
		62AD91212AA3141500B901AF /* CoreDataModel.xcdatamodeld in Sources */ = {isa = PBXBuildFile; fileRef = 62AD911F2AA3141500B901AF /* CoreDataModel.xcdatamodeld */; };
		62AD912C2AA3158800B901AF /* CoreDataServiceProtocol.swift in Sources */ = {isa = PBXBuildFile; fileRef = 62AD912B2AA3158800B901AF /* CoreDataServiceProtocol.swift */; };
		B7A78B6AC01C6AC4D9934619 /* Pods_Movies.framework in Frameworks */ = {isa = PBXBuildFile; fileRef = 4AEC1C1E967F8C32B0090BF8 /* Pods_Movies.framework */; };
/* End PBXBuildFile section */

/* Begin PBXFileReference section */
		0E27639A054FA6A18A14CD31 /* Pods-Movies.debug.xcconfig */ = {isa = PBXFileReference; includeInIndex = 1; lastKnownFileType = text.xcconfig; name = "Pods-Movies.debug.xcconfig"; path = "Target Support Files/Pods-Movies/Pods-Movies.debug.xcconfig"; sourceTree = "<group>"; };
		4AEC1C1E967F8C32B0090BF8 /* Pods_Movies.framework */ = {isa = PBXFileReference; explicitFileType = wrapper.framework; includeInIndex = 0; path = Pods_Movies.framework; sourceTree = BUILT_PRODUCTS_DIR; };
		62162E3A2AA2047400FFE6D1 /* HomeViewController.swift */ = {isa = PBXFileReference; lastKnownFileType = sourcecode.swift; path = HomeViewController.swift; sourceTree = "<group>"; };
		62162E3D2AA2048400FFE6D1 /* DetailViewController.swift */ = {isa = PBXFileReference; lastKnownFileType = sourcecode.swift; path = DetailViewController.swift; sourceTree = "<group>"; };
		62162E3F2AA2048D00FFE6D1 /* SearchViewController.swift */ = {isa = PBXFileReference; lastKnownFileType = sourcecode.swift; path = SearchViewController.swift; sourceTree = "<group>"; };
		62162E412AA2049700FFE6D1 /* SearchViewModel.swift */ = {isa = PBXFileReference; lastKnownFileType = sourcecode.swift; path = SearchViewModel.swift; sourceTree = "<group>"; };
		62162E432AA204A000FFE6D1 /* DetailViewModel.swift */ = {isa = PBXFileReference; lastKnownFileType = sourcecode.swift; path = DetailViewModel.swift; sourceTree = "<group>"; };
		62162E452AA204A900FFE6D1 /* HomeViewModel.swift */ = {isa = PBXFileReference; lastKnownFileType = sourcecode.swift; path = HomeViewModel.swift; sourceTree = "<group>"; };
		62162E472AA204CB00FFE6D1 /* SearchViewModelProtocol.swift */ = {isa = PBXFileReference; lastKnownFileType = sourcecode.swift; path = SearchViewModelProtocol.swift; sourceTree = "<group>"; };
		62162E492AA204D600FFE6D1 /* DetailViewModelProtocol.swift */ = {isa = PBXFileReference; lastKnownFileType = sourcecode.swift; path = DetailViewModelProtocol.swift; sourceTree = "<group>"; };
		62162E4B2AA204E300FFE6D1 /* HomeViewModelProtocol.swift */ = {isa = PBXFileReference; lastKnownFileType = sourcecode.swift; path = HomeViewModelProtocol.swift; sourceTree = "<group>"; };
		62162E4D2AA2054E00FFE6D1 /* HomeWireframe.swift */ = {isa = PBXFileReference; lastKnownFileType = sourcecode.swift; path = HomeWireframe.swift; sourceTree = "<group>"; };
		62162E4F2AA2055900FFE6D1 /* DetailWireframe.swift */ = {isa = PBXFileReference; lastKnownFileType = sourcecode.swift; path = DetailWireframe.swift; sourceTree = "<group>"; };
		62162E512AA2056500FFE6D1 /* SearchWireframe.swift */ = {isa = PBXFileReference; lastKnownFileType = sourcecode.swift; path = SearchWireframe.swift; sourceTree = "<group>"; };
		62162E542AA2058D00FFE6D1 /* FavoritesViewModelProtocol.swift */ = {isa = PBXFileReference; lastKnownFileType = sourcecode.swift; path = FavoritesViewModelProtocol.swift; sourceTree = "<group>"; };
		62162E562AA205A100FFE6D1 /* FavoritesViewModel.swift */ = {isa = PBXFileReference; lastKnownFileType = sourcecode.swift; path = FavoritesViewModel.swift; sourceTree = "<group>"; };
		62162E582AA205AB00FFE6D1 /* FavoritesWireframe.swift */ = {isa = PBXFileReference; lastKnownFileType = sourcecode.swift; path = FavoritesWireframe.swift; sourceTree = "<group>"; };
		62162E5A2AA205B300FFE6D1 /* FavoritesViewController.swift */ = {isa = PBXFileReference; lastKnownFileType = sourcecode.swift; path = FavoritesViewController.swift; sourceTree = "<group>"; };
		62162E5D2AA205F600FFE6D1 /* ApiClient.swift */ = {isa = PBXFileReference; lastKnownFileType = sourcecode.swift; path = ApiClient.swift; sourceTree = "<group>"; };
		62162E602AA2065A00FFE6D1 /* BaseErrors.swift */ = {isa = PBXFileReference; lastKnownFileType = sourcecode.swift; path = BaseErrors.swift; sourceTree = "<group>"; };
		62162E632AA2068500FFE6D1 /* CoreDataService.swift */ = {isa = PBXFileReference; lastKnownFileType = sourcecode.swift; path = CoreDataService.swift; sourceTree = "<group>"; };
		62162E6B2AA206F300FFE6D1 /* Constants.swift */ = {isa = PBXFileReference; lastKnownFileType = sourcecode.swift; path = Constants.swift; sourceTree = "<group>"; };
		62162E6F2AA20F6400FFE6D1 /* ThumbnailCollectionViewCell.swift */ = {isa = PBXFileReference; lastKnownFileType = sourcecode.swift; path = ThumbnailCollectionViewCell.swift; sourceTree = "<group>"; };
		62162E712AA2102100FFE6D1 /* UIViewController+Corner.swift */ = {isa = PBXFileReference; lastKnownFileType = sourcecode.swift; path = "UIViewController+Corner.swift"; sourceTree = "<group>"; };
		62162E732AA2103E00FFE6D1 /* UIViewController+Alert.swift */ = {isa = PBXFileReference; lastKnownFileType = sourcecode.swift; path = "UIViewController+Alert.swift"; sourceTree = "<group>"; };
		62162E752AA2110A00FFE6D1 /* LoadingView.swift */ = {isa = PBXFileReference; lastKnownFileType = sourcecode.swift; path = LoadingView.swift; sourceTree = "<group>"; };
		62162E792AA2126300FFE6D1 /* UIView+Gradients.swift */ = {isa = PBXFileReference; lastKnownFileType = sourcecode.swift; path = "UIView+Gradients.swift"; sourceTree = "<group>"; };
		62162E7B2AA2172A00FFE6D1 /* FetchMovieListUseCase.swift */ = {isa = PBXFileReference; lastKnownFileType = sourcecode.swift; path = FetchMovieListUseCase.swift; sourceTree = "<group>"; };
		62162E812AA217D900FFE6D1 /* MovieRepository.swift */ = {isa = PBXFileReference; lastKnownFileType = sourcecode.swift; path = MovieRepository.swift; sourceTree = "<group>"; };
		62162E832AA2181B00FFE6D1 /* MovieRepositoryProtocol.swift */ = {isa = PBXFileReference; lastKnownFileType = sourcecode.swift; path = MovieRepositoryProtocol.swift; sourceTree = "<group>"; };
		62162E852AA21A1200FFE6D1 /* MovieList.swift */ = {isa = PBXFileReference; lastKnownFileType = sourcecode.swift; path = MovieList.swift; sourceTree = "<group>"; };
		62162E882AA21D4F00FFE6D1 /* MovieListResponseModel.swift */ = {isa = PBXFileReference; lastKnownFileType = sourcecode.swift; path = MovieListResponseModel.swift; sourceTree = "<group>"; };
		62162E8A2AA2227100FFE6D1 /* UIScrollView+Reload.swift */ = {isa = PBXFileReference; lastKnownFileType = sourcecode.swift; path = "UIScrollView+Reload.swift"; sourceTree = "<group>"; };
		62162E8C2AA22C3E00FFE6D1 /* LoadingCollectionViewCell.swift */ = {isa = PBXFileReference; lastKnownFileType = sourcecode.swift; path = LoadingCollectionViewCell.swift; sourceTree = "<group>"; };
		62162E8E2AA2349600FFE6D1 /* SearchMovieListUseCase.swift */ = {isa = PBXFileReference; lastKnownFileType = sourcecode.swift; path = SearchMovieListUseCase.swift; sourceTree = "<group>"; };
		62162E902AA23EC600FFE6D1 /* GetMovieUseCase.swift */ = {isa = PBXFileReference; lastKnownFileType = sourcecode.swift; path = GetMovieUseCase.swift; sourceTree = "<group>"; };
		62162E922AA2408200FFE6D1 /* MovieDetailResponseModel.swift */ = {isa = PBXFileReference; lastKnownFileType = sourcecode.swift; path = MovieDetailResponseModel.swift; sourceTree = "<group>"; };
		62162E942AA2410900FFE6D1 /* MovieDetail.swift */ = {isa = PBXFileReference; lastKnownFileType = sourcecode.swift; path = MovieDetail.swift; sourceTree = "<group>"; };
		62162E962AA2495600FFE6D1 /* FetchFavoriteMovieListUseCase.swift */ = {isa = PBXFileReference; lastKnownFileType = sourcecode.swift; path = FetchFavoriteMovieListUseCase.swift; sourceTree = "<group>"; };
		622068212AA36CF900C4CC94 /* BottomSheetViewController.swift */ = {isa = PBXFileReference; lastKnownFileType = sourcecode.swift; path = BottomSheetViewController.swift; sourceTree = "<group>"; };
		622068242AA3810200C4CC94 /* EmptyView.swift */ = {isa = PBXFileReference; lastKnownFileType = sourcecode.swift; path = EmptyView.swift; sourceTree = "<group>"; };
		62805BD22AA31C9700796980 /* AddFavoriteUseCase.swift */ = {isa = PBXFileReference; lastKnownFileType = sourcecode.swift; path = AddFavoriteUseCase.swift; sourceTree = "<group>"; };
		62805BD42AA31DE100796980 /* DeleteFavoriteUseCase.swift */ = {isa = PBXFileReference; lastKnownFileType = sourcecode.swift; path = DeleteFavoriteUseCase.swift; sourceTree = "<group>"; };
		62805BD72AA3264800796980 /* DetailHeaderTableViewCell.swift */ = {isa = PBXFileReference; lastKnownFileType = sourcecode.swift; path = DetailHeaderTableViewCell.swift; sourceTree = "<group>"; };
		62805BD92AA3265100796980 /* DetailBodyTableViewCell.swift */ = {isa = PBXFileReference; lastKnownFileType = sourcecode.swift; path = DetailBodyTableViewCell.swift; sourceTree = "<group>"; };
		62805BDB2AA328E100796980 /* CircleLabelView.swift */ = {isa = PBXFileReference; lastKnownFileType = sourcecode.swift; path = CircleLabelView.swift; sourceTree = "<group>"; };
		62805BDD2AA3418900796980 /* String+Transform.swift */ = {isa = PBXFileReference; lastKnownFileType = sourcecode.swift; path = "String+Transform.swift"; sourceTree = "<group>"; };
		62805BDF2AA345A700796980 /* NSNotification.Name+Name.swift */ = {isa = PBXFileReference; lastKnownFileType = sourcecode.swift; path = "NSNotification.Name+Name.swift"; sourceTree = "<group>"; };
		62805BE92AA34DC400796980 /* MovieManagedObject+CoreDataClass.swift */ = {isa = PBXFileReference; lastKnownFileType = sourcecode.swift; path = "MovieManagedObject+CoreDataClass.swift"; sourceTree = "<group>"; };
		62805BEA2AA34DC400796980 /* MovieManagedObject+CoreDataProperties.swift */ = {isa = PBXFileReference; lastKnownFileType = sourcecode.swift; path = "MovieManagedObject+CoreDataProperties.swift"; sourceTree = "<group>"; };
		6293380C2A9F01E5008B0EA7 /* Movies.app */ = {isa = PBXFileReference; explicitFileType = wrapper.application; includeInIndex = 0; path = Movies.app; sourceTree = BUILT_PRODUCTS_DIR; };
		6293380F2A9F01E5008B0EA7 /* AppDelegate.swift */ = {isa = PBXFileReference; lastKnownFileType = sourcecode.swift; path = AppDelegate.swift; sourceTree = "<group>"; };
		629338112A9F01E5008B0EA7 /* SceneDelegate.swift */ = {isa = PBXFileReference; lastKnownFileType = sourcecode.swift; path = SceneDelegate.swift; sourceTree = "<group>"; };
		629338182A9F01ED008B0EA7 /* Assets.xcassets */ = {isa = PBXFileReference; lastKnownFileType = folder.assetcatalog; path = Assets.xcassets; sourceTree = "<group>"; };
		6293381B2A9F01ED008B0EA7 /* Base */ = {isa = PBXFileReference; lastKnownFileType = file.storyboard; name = Base; path = Base.lproj/LaunchScreen.storyboard; sourceTree = "<group>"; };
		6293381D2A9F01ED008B0EA7 /* Info.plist */ = {isa = PBXFileReference; lastKnownFileType = text.plist.xml; path = Info.plist; sourceTree = "<group>"; };
		62AD91202AA3141500B901AF /* CoreDataModel.xcdatamodel */ = {isa = PBXFileReference; lastKnownFileType = wrapper.xcdatamodel; path = CoreDataModel.xcdatamodel; sourceTree = "<group>"; };
		62AD912B2AA3158800B901AF /* CoreDataServiceProtocol.swift */ = {isa = PBXFileReference; lastKnownFileType = sourcecode.swift; path = CoreDataServiceProtocol.swift; sourceTree = "<group>"; };
		A3792D9ADA478F1C31C53666 /* Pods-Movies.release.xcconfig */ = {isa = PBXFileReference; includeInIndex = 1; lastKnownFileType = text.xcconfig; name = "Pods-Movies.release.xcconfig"; path = "Target Support Files/Pods-Movies/Pods-Movies.release.xcconfig"; sourceTree = "<group>"; };
/* End PBXFileReference section */

/* Begin PBXFrameworksBuildPhase section */
		629338092A9F01E5008B0EA7 /* Frameworks */ = {
			isa = PBXFrameworksBuildPhase;
			buildActionMask = 2147483647;
			files = (
				B7A78B6AC01C6AC4D9934619 /* Pods_Movies.framework in Frameworks */,
			);
			runOnlyForDeploymentPostprocessing = 0;
		};
/* End PBXFrameworksBuildPhase section */

/* Begin PBXGroup section */
		62162E342AA2044E00FFE6D1 /* Domain */ = {
			isa = PBXGroup;
			children = (
				62162E672AA206C700FFE6D1 /* Models */,
				62162E662AA206BB00FFE6D1 /* UseCases */,
			);
			path = Domain;
			sourceTree = "<group>";
		};
		62162E352AA2045400FFE6D1 /* Data */ = {
			isa = PBXGroup;
			children = (
				62162E872AA21D4200FFE6D1 /* ResponseModels */,
				62AD911E2AA313E700B901AF /* CoreDataModels */,
				62162E802AA217C700FFE6D1 /* Repositories */,
				62162E622AA2067900FFE6D1 /* CoreDataService */,
				62162E5C2AA205E900FFE6D1 /* NetworkService */,
			);
			path = Data;
			sourceTree = "<group>";
		};
		62162E362AA2045800FFE6D1 /* Features */ = {
			isa = PBXGroup;
			children = (
				62162E6E2AA20F0000FFE6D1 /* Reusables */,
				62162E532AA2057D00FFE6D1 /* Favorites */,
				62162E392AA2046800FFE6D1 /* Search */,
				62162E382AA2046300FFE6D1 /* Detail */,
				62162E372AA2045F00FFE6D1 /* Home */,
			);
			path = Features;
			sourceTree = "<group>";
		};
		62162E372AA2045F00FFE6D1 /* Home */ = {
			isa = PBXGroup;
			children = (
				62162E3A2AA2047400FFE6D1 /* HomeViewController.swift */,
				62162E452AA204A900FFE6D1 /* HomeViewModel.swift */,
				62162E4B2AA204E300FFE6D1 /* HomeViewModelProtocol.swift */,
				62162E4D2AA2054E00FFE6D1 /* HomeWireframe.swift */,
			);
			path = Home;
			sourceTree = "<group>";
		};
		62162E382AA2046300FFE6D1 /* Detail */ = {
			isa = PBXGroup;
			children = (
				62805BD62AA3262D00796980 /* Cells */,
				62162E3D2AA2048400FFE6D1 /* DetailViewController.swift */,
				62162E432AA204A000FFE6D1 /* DetailViewModel.swift */,
				62162E492AA204D600FFE6D1 /* DetailViewModelProtocol.swift */,
				62162E4F2AA2055900FFE6D1 /* DetailWireframe.swift */,
			);
			path = Detail;
			sourceTree = "<group>";
		};
		62162E392AA2046800FFE6D1 /* Search */ = {
			isa = PBXGroup;
			children = (
				62162E3F2AA2048D00FFE6D1 /* SearchViewController.swift */,
				62162E412AA2049700FFE6D1 /* SearchViewModel.swift */,
				62162E472AA204CB00FFE6D1 /* SearchViewModelProtocol.swift */,
				62162E512AA2056500FFE6D1 /* SearchWireframe.swift */,
			);
			path = Search;
			sourceTree = "<group>";
		};
		62162E532AA2057D00FFE6D1 /* Favorites */ = {
			isa = PBXGroup;
			children = (
				62162E542AA2058D00FFE6D1 /* FavoritesViewModelProtocol.swift */,
				62162E582AA205AB00FFE6D1 /* FavoritesWireframe.swift */,
				62162E562AA205A100FFE6D1 /* FavoritesViewModel.swift */,
				62162E5A2AA205B300FFE6D1 /* FavoritesViewController.swift */,
			);
			path = Favorites;
			sourceTree = "<group>";
		};
		62162E5C2AA205E900FFE6D1 /* NetworkService */ = {
			isa = PBXGroup;
			children = (
				62162E5D2AA205F600FFE6D1 /* ApiClient.swift */,
			);
			path = NetworkService;
			sourceTree = "<group>";
		};
		62162E5F2AA2064100FFE6D1 /* BaseModels */ = {
			isa = PBXGroup;
			children = (
				62162E602AA2065A00FFE6D1 /* BaseErrors.swift */,
			);
			path = BaseModels;
			sourceTree = "<group>";
		};
		62162E622AA2067900FFE6D1 /* CoreDataService */ = {
			isa = PBXGroup;
			children = (
				62162E632AA2068500FFE6D1 /* CoreDataService.swift */,
				62AD912B2AA3158800B901AF /* CoreDataServiceProtocol.swift */,
			);
			path = CoreDataService;
			sourceTree = "<group>";
		};
		62162E652AA206A900FFE6D1 /* Common */ = {
			isa = PBXGroup;
			children = (
				62162E682AA206D200FFE6D1 /* Helpers */,
				62162E5F2AA2064100FFE6D1 /* BaseModels */,
			);
			path = Common;
			sourceTree = "<group>";
		};
		62162E662AA206BB00FFE6D1 /* UseCases */ = {
			isa = PBXGroup;
			children = (
				62162E7B2AA2172A00FFE6D1 /* FetchMovieListUseCase.swift */,
				62162E8E2AA2349600FFE6D1 /* SearchMovieListUseCase.swift */,
				62162E902AA23EC600FFE6D1 /* GetMovieUseCase.swift */,
				62162E962AA2495600FFE6D1 /* FetchFavoriteMovieListUseCase.swift */,
				62805BD22AA31C9700796980 /* AddFavoriteUseCase.swift */,
				62805BD42AA31DE100796980 /* DeleteFavoriteUseCase.swift */,
			);
			path = UseCases;
			sourceTree = "<group>";
		};
		62162E672AA206C700FFE6D1 /* Models */ = {
			isa = PBXGroup;
			children = (
				62162E852AA21A1200FFE6D1 /* MovieList.swift */,
				62162E942AA2410900FFE6D1 /* MovieDetail.swift */,
			);
			path = Models;
			sourceTree = "<group>";
		};
		62162E682AA206D200FFE6D1 /* Helpers */ = {
			isa = PBXGroup;
			children = (
				62162E692AA206D900FFE6D1 /* Extensions */,
				62162E6B2AA206F300FFE6D1 /* Constants.swift */,
			);
			path = Helpers;
			sourceTree = "<group>";
		};
		62162E692AA206D900FFE6D1 /* Extensions */ = {
			isa = PBXGroup;
			children = (
				62162E712AA2102100FFE6D1 /* UIViewController+Corner.swift */,
				62162E732AA2103E00FFE6D1 /* UIViewController+Alert.swift */,
				62162E792AA2126300FFE6D1 /* UIView+Gradients.swift */,
				62162E8A2AA2227100FFE6D1 /* UIScrollView+Reload.swift */,
				62805BDD2AA3418900796980 /* String+Transform.swift */,
				62805BDF2AA345A700796980 /* NSNotification.Name+Name.swift */,
			);
			path = Extensions;
			sourceTree = "<group>";
		};
		62162E6D2AA2072C00FFE6D1 /* Application */ = {
			isa = PBXGroup;
			children = (
				629338182A9F01ED008B0EA7 /* Assets.xcassets */,
				6293380F2A9F01E5008B0EA7 /* AppDelegate.swift */,
				629338112A9F01E5008B0EA7 /* SceneDelegate.swift */,
				6293381A2A9F01ED008B0EA7 /* LaunchScreen.storyboard */,
			);
			path = Application;
			sourceTree = "<group>";
		};
		62162E6E2AA20F0000FFE6D1 /* Reusables */ = {
			isa = PBXGroup;
			children = (
				62162E782AA2113800FFE6D1 /* Cells */,
				62162E772AA2113100FFE6D1 /* Views */,
			);
			path = Reusables;
			sourceTree = "<group>";
		};
		62162E772AA2113100FFE6D1 /* Views */ = {
			isa = PBXGroup;
			children = (
				62162E752AA2110A00FFE6D1 /* LoadingView.swift */,
				62805BDB2AA328E100796980 /* CircleLabelView.swift */,
				622068212AA36CF900C4CC94 /* BottomSheetViewController.swift */,
				622068242AA3810200C4CC94 /* EmptyView.swift */,
			);
			path = Views;
			sourceTree = "<group>";
		};
		62162E782AA2113800FFE6D1 /* Cells */ = {
			isa = PBXGroup;
			children = (
				62162E6F2AA20F6400FFE6D1 /* ThumbnailCollectionViewCell.swift */,
				62162E8C2AA22C3E00FFE6D1 /* LoadingCollectionViewCell.swift */,
			);
			path = Cells;
			sourceTree = "<group>";
		};
		62162E802AA217C700FFE6D1 /* Repositories */ = {
			isa = PBXGroup;
			children = (
				62162E812AA217D900FFE6D1 /* MovieRepository.swift */,
				62162E832AA2181B00FFE6D1 /* MovieRepositoryProtocol.swift */,
			);
			path = Repositories;
			sourceTree = "<group>";
		};
		62162E872AA21D4200FFE6D1 /* ResponseModels */ = {
			isa = PBXGroup;
			children = (
				62162E882AA21D4F00FFE6D1 /* MovieListResponseModel.swift */,
				62162E922AA2408200FFE6D1 /* MovieDetailResponseModel.swift */,
			);
			path = ResponseModels;
			sourceTree = "<group>";
		};
		622068232AA37BA400C4CC94 /* MoviesTest */ = {
			isa = PBXGroup;
			children = (
			);
			path = MoviesTest;
			sourceTree = "<group>";
		};
		62805BD62AA3262D00796980 /* Cells */ = {
			isa = PBXGroup;
			children = (
				62805BD72AA3264800796980 /* DetailHeaderTableViewCell.swift */,
				62805BD92AA3265100796980 /* DetailBodyTableViewCell.swift */,
			);
			path = Cells;
			sourceTree = "<group>";
		};
		629338032A9F01E5008B0EA7 = {
			isa = PBXGroup;
			children = (
				6293380E2A9F01E5008B0EA7 /* Movies */,
				622068232AA37BA400C4CC94 /* MoviesTest */,
				6293380D2A9F01E5008B0EA7 /* Products */,
				76C20CFDE8CBAC671A5C6755 /* Pods */,
				C0842640B3D6D376FB57ACC1 /* Frameworks */,
			);
			sourceTree = "<group>";
		};
		6293380D2A9F01E5008B0EA7 /* Products */ = {
			isa = PBXGroup;
			children = (
				6293380C2A9F01E5008B0EA7 /* Movies.app */,
			);
			name = Products;
			sourceTree = "<group>";
		};
		6293380E2A9F01E5008B0EA7 /* Movies */ = {
			isa = PBXGroup;
			children = (
				62162E6D2AA2072C00FFE6D1 /* Application */,
				62162E652AA206A900FFE6D1 /* Common */,
				62162E362AA2045800FFE6D1 /* Features */,
				62162E352AA2045400FFE6D1 /* Data */,
				62162E342AA2044E00FFE6D1 /* Domain */,
				6293381D2A9F01ED008B0EA7 /* Info.plist */,
			);
			path = Movies;
			sourceTree = "<group>";
		};
		62AD911E2AA313E700B901AF /* CoreDataModels */ = {
			isa = PBXGroup;
			children = (
				62805BE92AA34DC400796980 /* MovieManagedObject+CoreDataClass.swift */,
				62805BEA2AA34DC400796980 /* MovieManagedObject+CoreDataProperties.swift */,
				62AD911F2AA3141500B901AF /* CoreDataModel.xcdatamodeld */,
			);
			path = CoreDataModels;
			sourceTree = "<group>";
		};
		76C20CFDE8CBAC671A5C6755 /* Pods */ = {
			isa = PBXGroup;
			children = (
				0E27639A054FA6A18A14CD31 /* Pods-Movies.debug.xcconfig */,
				A3792D9ADA478F1C31C53666 /* Pods-Movies.release.xcconfig */,
			);
			path = Pods;
			sourceTree = "<group>";
		};
		C0842640B3D6D376FB57ACC1 /* Frameworks */ = {
			isa = PBXGroup;
			children = (
				4AEC1C1E967F8C32B0090BF8 /* Pods_Movies.framework */,
			);
			name = Frameworks;
			sourceTree = "<group>";
		};
/* End PBXGroup section */

/* Begin PBXNativeTarget section */
		6293380B2A9F01E5008B0EA7 /* Movies */ = {
			isa = PBXNativeTarget;
			buildConfigurationList = 629338202A9F01ED008B0EA7 /* Build configuration list for PBXNativeTarget "Movies" */;
			buildPhases = (
				ED14C93D0FA5FAA4B74A029E /* [CP] Check Pods Manifest.lock */,
				629338082A9F01E5008B0EA7 /* Sources */,
				629338092A9F01E5008B0EA7 /* Frameworks */,
				6293380A2A9F01E5008B0EA7 /* Resources */,
				8D3A621FDF1AA0949AB5F4FB /* [CP] Embed Pods Frameworks */,
			);
			buildRules = (
			);
			dependencies = (
			);
			name = Movies;
			productName = Movies;
			productReference = 6293380C2A9F01E5008B0EA7 /* Movies.app */;
			productType = "com.apple.product-type.application";
		};
/* End PBXNativeTarget section */

/* Begin PBXProject section */
		629338042A9F01E5008B0EA7 /* Project object */ = {
			isa = PBXProject;
			attributes = {
				BuildIndependentTargetsInParallel = 1;
				LastSwiftUpdateCheck = 1420;
				LastUpgradeCheck = 1420;
				TargetAttributes = {
					6293380B2A9F01E5008B0EA7 = {
						CreatedOnToolsVersion = 14.2;
					};
				};
			};
			buildConfigurationList = 629338072A9F01E5008B0EA7 /* Build configuration list for PBXProject "Movies" */;
			compatibilityVersion = "Xcode 14.0";
			developmentRegion = en;
			hasScannedForEncodings = 0;
			knownRegions = (
				en,
				Base,
			);
			mainGroup = 629338032A9F01E5008B0EA7;
			productRefGroup = 6293380D2A9F01E5008B0EA7 /* Products */;
			projectDirPath = "";
			projectRoot = "";
			targets = (
				6293380B2A9F01E5008B0EA7 /* Movies */,
			);
		};
/* End PBXProject section */

/* Begin PBXResourcesBuildPhase section */
		6293380A2A9F01E5008B0EA7 /* Resources */ = {
			isa = PBXResourcesBuildPhase;
			buildActionMask = 2147483647;
			files = (
				6293381C2A9F01ED008B0EA7 /* LaunchScreen.storyboard in Resources */,
				629338192A9F01ED008B0EA7 /* Assets.xcassets in Resources */,
			);
			runOnlyForDeploymentPostprocessing = 0;
		};
/* End PBXResourcesBuildPhase section */

/* Begin PBXShellScriptBuildPhase section */
		8D3A621FDF1AA0949AB5F4FB /* [CP] Embed Pods Frameworks */ = {
			isa = PBXShellScriptBuildPhase;
			buildActionMask = 2147483647;
			files = (
			);
			inputFileListPaths = (
				"${PODS_ROOT}/Target Support Files/Pods-Movies/Pods-Movies-frameworks-${CONFIGURATION}-input-files.xcfilelist",
			);
			name = "[CP] Embed Pods Frameworks";
			outputFileListPaths = (
				"${PODS_ROOT}/Target Support Files/Pods-Movies/Pods-Movies-frameworks-${CONFIGURATION}-output-files.xcfilelist",
			);
			runOnlyForDeploymentPostprocessing = 0;
			shellPath = /bin/sh;
			shellScript = "\"${PODS_ROOT}/Target Support Files/Pods-Movies/Pods-Movies-frameworks.sh\"\n";
			showEnvVarsInLog = 0;
		};
		ED14C93D0FA5FAA4B74A029E /* [CP] Check Pods Manifest.lock */ = {
			isa = PBXShellScriptBuildPhase;
			buildActionMask = 2147483647;
			files = (
			);
			inputFileListPaths = (
			);
			inputPaths = (
				"${PODS_PODFILE_DIR_PATH}/Podfile.lock",
				"${PODS_ROOT}/Manifest.lock",
			);
			name = "[CP] Check Pods Manifest.lock";
			outputFileListPaths = (
			);
			outputPaths = (
				"$(DERIVED_FILE_DIR)/Pods-Movies-checkManifestLockResult.txt",
			);
			runOnlyForDeploymentPostprocessing = 0;
			shellPath = /bin/sh;
			shellScript = "diff \"${PODS_PODFILE_DIR_PATH}/Podfile.lock\" \"${PODS_ROOT}/Manifest.lock\" > /dev/null\nif [ $? != 0 ] ; then\n    # print error to STDERR\n    echo \"error: The sandbox is not in sync with the Podfile.lock. Run 'pod install' or update your CocoaPods installation.\" >&2\n    exit 1\nfi\n# This output is used by Xcode 'outputs' to avoid re-running this script phase.\necho \"SUCCESS\" > \"${SCRIPT_OUTPUT_FILE_0}\"\n";
			showEnvVarsInLog = 0;
		};
/* End PBXShellScriptBuildPhase section */

/* Begin PBXSourcesBuildPhase section */
		629338082A9F01E5008B0EA7 /* Sources */ = {
			isa = PBXSourcesBuildPhase;
			buildActionMask = 2147483647;
			files = (
				62162E402AA2048D00FFE6D1 /* SearchViewController.swift in Sources */,
				62162E912AA23EC600FFE6D1 /* GetMovieUseCase.swift in Sources */,
				62162E8B2AA2227100FFE6D1 /* UIScrollView+Reload.swift in Sources */,
				62162E462AA204A900FFE6D1 /* HomeViewModel.swift in Sources */,
				62162E482AA204CB00FFE6D1 /* SearchViewModelProtocol.swift in Sources */,
				62162E422AA2049700FFE6D1 /* SearchViewModel.swift in Sources */,
				62805BD52AA31DE100796980 /* DeleteFavoriteUseCase.swift in Sources */,
				62162E592AA205AB00FFE6D1 /* FavoritesWireframe.swift in Sources */,
				62162E742AA2103E00FFE6D1 /* UIViewController+Alert.swift in Sources */,
				62162E4E2AA2054E00FFE6D1 /* HomeWireframe.swift in Sources */,
				62162E7A2AA2126300FFE6D1 /* UIView+Gradients.swift in Sources */,
				62162E702AA20F6400FFE6D1 /* ThumbnailCollectionViewCell.swift in Sources */,
				62162E6C2AA206F300FFE6D1 /* Constants.swift in Sources */,
				62162E4A2AA204D600FFE6D1 /* DetailViewModelProtocol.swift in Sources */,
				62805BDA2AA3265200796980 /* DetailBodyTableViewCell.swift in Sources */,
				62162E7C2AA2172A00FFE6D1 /* FetchMovieListUseCase.swift in Sources */,
				62AD91212AA3141500B901AF /* CoreDataModel.xcdatamodeld in Sources */,
				62162E612AA2065A00FFE6D1 /* BaseErrors.swift in Sources */,
				62162E762AA2110A00FFE6D1 /* LoadingView.swift in Sources */,
				62162E642AA2068500FFE6D1 /* CoreDataService.swift in Sources */,
				62162E572AA205A100FFE6D1 /* FavoritesViewModel.swift in Sources */,
				629338102A9F01E5008B0EA7 /* AppDelegate.swift in Sources */,
				62162E5B2AA205B300FFE6D1 /* FavoritesViewController.swift in Sources */,
				62162E972AA2495600FFE6D1 /* FetchFavoriteMovieListUseCase.swift in Sources */,
				62AD912C2AA3158800B901AF /* CoreDataServiceProtocol.swift in Sources */,
				62162E8F2AA2349600FFE6D1 /* SearchMovieListUseCase.swift in Sources */,
				62162E862AA21A1200FFE6D1 /* MovieList.swift in Sources */,
				62162E892AA21D4F00FFE6D1 /* MovieListResponseModel.swift in Sources */,
				62162E552AA2058D00FFE6D1 /* FavoritesViewModelProtocol.swift in Sources */,
				62162E3E2AA2048400FFE6D1 /* DetailViewController.swift in Sources */,
				62162E842AA2181B00FFE6D1 /* MovieRepositoryProtocol.swift in Sources */,
				62805BE02AA345A700796980 /* NSNotification.Name+Name.swift in Sources */,
				62162E502AA2055900FFE6D1 /* DetailWireframe.swift in Sources */,
				62162E722AA2102100FFE6D1 /* UIViewController+Corner.swift in Sources */,
				629338122A9F01E5008B0EA7 /* SceneDelegate.swift in Sources */,
				62162E8D2AA22C3E00FFE6D1 /* LoadingCollectionViewCell.swift in Sources */,
				62162E4C2AA204E300FFE6D1 /* HomeViewModelProtocol.swift in Sources */,
				62805BEB2AA34DC400796980 /* MovieManagedObject+CoreDataClass.swift in Sources */,
				62805BDE2AA3418900796980 /* String+Transform.swift in Sources */,
				62805BEC2AA34DC400796980 /* MovieManagedObject+CoreDataProperties.swift in Sources */,
				622068252AA3810200C4CC94 /* EmptyView.swift in Sources */,
				62162E952AA2410900FFE6D1 /* MovieDetail.swift in Sources */,
				62162E3B2AA2047400FFE6D1 /* HomeViewController.swift in Sources */,
				62162E442AA204A000FFE6D1 /* DetailViewModel.swift in Sources */,
				62162E522AA2056500FFE6D1 /* SearchWireframe.swift in Sources */,
				62805BD82AA3264800796980 /* DetailHeaderTableViewCell.swift in Sources */,
				62162E822AA217D900FFE6D1 /* MovieRepository.swift in Sources */,
				622068222AA36CF900C4CC94 /* BottomSheetViewController.swift in Sources */,
				62805BD32AA31C9700796980 /* AddFavoriteUseCase.swift in Sources */,
				62805BDC2AA328E100796980 /* CircleLabelView.swift in Sources */,
				62162E5E2AA205F600FFE6D1 /* ApiClient.swift in Sources */,
				62162E932AA2408200FFE6D1 /* MovieDetailResponseModel.swift in Sources */,
			);
			runOnlyForDeploymentPostprocessing = 0;
		};
/* End PBXSourcesBuildPhase section */

/* Begin PBXVariantGroup section */
		6293381A2A9F01ED008B0EA7 /* LaunchScreen.storyboard */ = {
			isa = PBXVariantGroup;
			children = (
				6293381B2A9F01ED008B0EA7 /* Base */,
			);
			name = LaunchScreen.storyboard;
			sourceTree = "<group>";
		};
/* End PBXVariantGroup section */

/* Begin XCBuildConfiguration section */
		6293381E2A9F01ED008B0EA7 /* Debug */ = {
			isa = XCBuildConfiguration;
			buildSettings = {
				ALWAYS_SEARCH_USER_PATHS = NO;
				CLANG_ANALYZER_NONNULL = YES;
				CLANG_ANALYZER_NUMBER_OBJECT_CONVERSION = YES_AGGRESSIVE;
				CLANG_CXX_LANGUAGE_STANDARD = "gnu++20";
				CLANG_ENABLE_MODULES = YES;
				CLANG_ENABLE_OBJC_ARC = YES;
				CLANG_ENABLE_OBJC_WEAK = YES;
				CLANG_WARN_BLOCK_CAPTURE_AUTORELEASING = YES;
				CLANG_WARN_BOOL_CONVERSION = YES;
				CLANG_WARN_COMMA = YES;
				CLANG_WARN_CONSTANT_CONVERSION = YES;
				CLANG_WARN_DEPRECATED_OBJC_IMPLEMENTATIONS = YES;
				CLANG_WARN_DIRECT_OBJC_ISA_USAGE = YES_ERROR;
				CLANG_WARN_DOCUMENTATION_COMMENTS = YES;
				CLANG_WARN_EMPTY_BODY = YES;
				CLANG_WARN_ENUM_CONVERSION = YES;
				CLANG_WARN_INFINITE_RECURSION = YES;
				CLANG_WARN_INT_CONVERSION = YES;
				CLANG_WARN_NON_LITERAL_NULL_CONVERSION = YES;
				CLANG_WARN_OBJC_IMPLICIT_RETAIN_SELF = YES;
				CLANG_WARN_OBJC_LITERAL_CONVERSION = YES;
				CLANG_WARN_OBJC_ROOT_CLASS = YES_ERROR;
				CLANG_WARN_QUOTED_INCLUDE_IN_FRAMEWORK_HEADER = YES;
				CLANG_WARN_RANGE_LOOP_ANALYSIS = YES;
				CLANG_WARN_STRICT_PROTOTYPES = YES;
				CLANG_WARN_SUSPICIOUS_MOVE = YES;
				CLANG_WARN_UNGUARDED_AVAILABILITY = YES_AGGRESSIVE;
				CLANG_WARN_UNREACHABLE_CODE = YES;
				CLANG_WARN__DUPLICATE_METHOD_MATCH = YES;
				COPY_PHASE_STRIP = NO;
				DEBUG_INFORMATION_FORMAT = dwarf;
				ENABLE_STRICT_OBJC_MSGSEND = YES;
				ENABLE_TESTABILITY = YES;
				GCC_C_LANGUAGE_STANDARD = gnu11;
				GCC_DYNAMIC_NO_PIC = NO;
				GCC_NO_COMMON_BLOCKS = YES;
				GCC_OPTIMIZATION_LEVEL = 0;
				GCC_PREPROCESSOR_DEFINITIONS = (
					"DEBUG=1",
					"$(inherited)",
				);
				GCC_WARN_64_TO_32_BIT_CONVERSION = YES;
				GCC_WARN_ABOUT_RETURN_TYPE = YES_ERROR;
				GCC_WARN_UNDECLARED_SELECTOR = YES;
				GCC_WARN_UNINITIALIZED_AUTOS = YES_AGGRESSIVE;
				GCC_WARN_UNUSED_FUNCTION = YES;
				GCC_WARN_UNUSED_VARIABLE = YES;
				IPHONEOS_DEPLOYMENT_TARGET = 13.0;
				MTL_ENABLE_DEBUG_INFO = INCLUDE_SOURCE;
				MTL_FAST_MATH = YES;
				ONLY_ACTIVE_ARCH = YES;
				SDKROOT = iphoneos;
				SWIFT_ACTIVE_COMPILATION_CONDITIONS = DEBUG;
				SWIFT_OPTIMIZATION_LEVEL = "-Onone";
			};
			name = Debug;
		};
		6293381F2A9F01ED008B0EA7 /* Release */ = {
			isa = XCBuildConfiguration;
			buildSettings = {
				ALWAYS_SEARCH_USER_PATHS = NO;
				CLANG_ANALYZER_NONNULL = YES;
				CLANG_ANALYZER_NUMBER_OBJECT_CONVERSION = YES_AGGRESSIVE;
				CLANG_CXX_LANGUAGE_STANDARD = "gnu++20";
				CLANG_ENABLE_MODULES = YES;
				CLANG_ENABLE_OBJC_ARC = YES;
				CLANG_ENABLE_OBJC_WEAK = YES;
				CLANG_WARN_BLOCK_CAPTURE_AUTORELEASING = YES;
				CLANG_WARN_BOOL_CONVERSION = YES;
				CLANG_WARN_COMMA = YES;
				CLANG_WARN_CONSTANT_CONVERSION = YES;
				CLANG_WARN_DEPRECATED_OBJC_IMPLEMENTATIONS = YES;
				CLANG_WARN_DIRECT_OBJC_ISA_USAGE = YES_ERROR;
				CLANG_WARN_DOCUMENTATION_COMMENTS = YES;
				CLANG_WARN_EMPTY_BODY = YES;
				CLANG_WARN_ENUM_CONVERSION = YES;
				CLANG_WARN_INFINITE_RECURSION = YES;
				CLANG_WARN_INT_CONVERSION = YES;
				CLANG_WARN_NON_LITERAL_NULL_CONVERSION = YES;
				CLANG_WARN_OBJC_IMPLICIT_RETAIN_SELF = YES;
				CLANG_WARN_OBJC_LITERAL_CONVERSION = YES;
				CLANG_WARN_OBJC_ROOT_CLASS = YES_ERROR;
				CLANG_WARN_QUOTED_INCLUDE_IN_FRAMEWORK_HEADER = YES;
				CLANG_WARN_RANGE_LOOP_ANALYSIS = YES;
				CLANG_WARN_STRICT_PROTOTYPES = YES;
				CLANG_WARN_SUSPICIOUS_MOVE = YES;
				CLANG_WARN_UNGUARDED_AVAILABILITY = YES_AGGRESSIVE;
				CLANG_WARN_UNREACHABLE_CODE = YES;
				CLANG_WARN__DUPLICATE_METHOD_MATCH = YES;
				COPY_PHASE_STRIP = NO;
				DEBUG_INFORMATION_FORMAT = "dwarf-with-dsym";
				ENABLE_NS_ASSERTIONS = NO;
				ENABLE_STRICT_OBJC_MSGSEND = YES;
				GCC_C_LANGUAGE_STANDARD = gnu11;
				GCC_NO_COMMON_BLOCKS = YES;
				GCC_WARN_64_TO_32_BIT_CONVERSION = YES;
				GCC_WARN_ABOUT_RETURN_TYPE = YES_ERROR;
				GCC_WARN_UNDECLARED_SELECTOR = YES;
				GCC_WARN_UNINITIALIZED_AUTOS = YES_AGGRESSIVE;
				GCC_WARN_UNUSED_FUNCTION = YES;
				GCC_WARN_UNUSED_VARIABLE = YES;
				IPHONEOS_DEPLOYMENT_TARGET = 13.0;
				MTL_ENABLE_DEBUG_INFO = NO;
				MTL_FAST_MATH = YES;
				SDKROOT = iphoneos;
				SWIFT_COMPILATION_MODE = wholemodule;
				SWIFT_OPTIMIZATION_LEVEL = "-O";
				VALIDATE_PRODUCT = YES;
			};
			name = Release;
		};
		629338212A9F01ED008B0EA7 /* Debug */ = {
			isa = XCBuildConfiguration;
			baseConfigurationReference = 0E27639A054FA6A18A14CD31 /* Pods-Movies.debug.xcconfig */;
			buildSettings = {
				ASSETCATALOG_COMPILER_APPICON_NAME = AppIcon;
				ASSETCATALOG_COMPILER_GLOBAL_ACCENT_COLOR_NAME = AccentColor;
				CODE_SIGN_STYLE = Automatic;
				CURRENT_PROJECT_VERSION = 1;
				DEVELOPMENT_TEAM = 4YDCQLJY46;
				GENERATE_INFOPLIST_FILE = YES;
				INFOPLIST_FILE = Movies/Info.plist;
				INFOPLIST_KEY_UIApplicationSupportsIndirectInputEvents = YES;
				INFOPLIST_KEY_UILaunchStoryboardName = LaunchScreen;
				INFOPLIST_KEY_UISupportedInterfaceOrientations_iPad = "UIInterfaceOrientationPortrait UIInterfaceOrientationPortraitUpsideDown UIInterfaceOrientationLandscapeLeft UIInterfaceOrientationLandscapeRight";
				INFOPLIST_KEY_UISupportedInterfaceOrientations_iPhone = "UIInterfaceOrientationPortrait UIInterfaceOrientationLandscapeLeft UIInterfaceOrientationLandscapeRight";
				IPHONEOS_DEPLOYMENT_TARGET = 13.0;
				LD_RUNPATH_SEARCH_PATHS = (
					"$(inherited)",
					"@executable_path/Frameworks",
				);
				MARKETING_VERSION = 1.0;
				PRODUCT_BUNDLE_IDENTIFIER = com.sendo.Movies;
				PRODUCT_NAME = "$(TARGET_NAME)";
				SWIFT_EMIT_LOC_STRINGS = YES;
				SWIFT_VERSION = 5.0;
				TARGETED_DEVICE_FAMILY = "1,2";
			};
			name = Debug;
		};
		629338222A9F01ED008B0EA7 /* Release */ = {
			isa = XCBuildConfiguration;
			baseConfigurationReference = A3792D9ADA478F1C31C53666 /* Pods-Movies.release.xcconfig */;
			buildSettings = {
				ASSETCATALOG_COMPILER_APPICON_NAME = AppIcon;
				ASSETCATALOG_COMPILER_GLOBAL_ACCENT_COLOR_NAME = AccentColor;
				CODE_SIGN_STYLE = Automatic;
				CURRENT_PROJECT_VERSION = 1;
				DEVELOPMENT_TEAM = 4YDCQLJY46;
				GENERATE_INFOPLIST_FILE = YES;
				INFOPLIST_FILE = Movies/Info.plist;
				INFOPLIST_KEY_UIApplicationSupportsIndirectInputEvents = YES;
				INFOPLIST_KEY_UILaunchStoryboardName = LaunchScreen;
				INFOPLIST_KEY_UISupportedInterfaceOrientations_iPad = "UIInterfaceOrientationPortrait UIInterfaceOrientationPortraitUpsideDown UIInterfaceOrientationLandscapeLeft UIInterfaceOrientationLandscapeRight";
				INFOPLIST_KEY_UISupportedInterfaceOrientations_iPhone = "UIInterfaceOrientationPortrait UIInterfaceOrientationLandscapeLeft UIInterfaceOrientationLandscapeRight";
				IPHONEOS_DEPLOYMENT_TARGET = 13.0;
				LD_RUNPATH_SEARCH_PATHS = (
					"$(inherited)",
					"@executable_path/Frameworks",
				);
				MARKETING_VERSION = 1.0;
				PRODUCT_BUNDLE_IDENTIFIER = com.sendo.Movies;
				PRODUCT_NAME = "$(TARGET_NAME)";
				SWIFT_EMIT_LOC_STRINGS = YES;
				SWIFT_VERSION = 5.0;
				TARGETED_DEVICE_FAMILY = "1,2";
			};
			name = Release;
		};
/* End XCBuildConfiguration section */

/* Begin XCConfigurationList section */
		629338072A9F01E5008B0EA7 /* Build configuration list for PBXProject "Movies" */ = {
			isa = XCConfigurationList;
			buildConfigurations = (
				6293381E2A9F01ED008B0EA7 /* Debug */,
				6293381F2A9F01ED008B0EA7 /* Release */,
			);
			defaultConfigurationIsVisible = 0;
			defaultConfigurationName = Release;
		};
		629338202A9F01ED008B0EA7 /* Build configuration list for PBXNativeTarget "Movies" */ = {
			isa = XCConfigurationList;
			buildConfigurations = (
				629338212A9F01ED008B0EA7 /* Debug */,
				629338222A9F01ED008B0EA7 /* Release */,
			);
			defaultConfigurationIsVisible = 0;
			defaultConfigurationName = Release;
		};
/* End XCConfigurationList section */

/* Begin XCVersionGroup section */
		62AD911F2AA3141500B901AF /* CoreDataModel.xcdatamodeld */ = {
			isa = XCVersionGroup;
			children = (
				62AD91202AA3141500B901AF /* CoreDataModel.xcdatamodel */,
			);
			currentVersion = 62AD91202AA3141500B901AF /* CoreDataModel.xcdatamodel */;
			path = CoreDataModel.xcdatamodeld;
			sourceTree = "<group>";
			versionGroupType = wrapper.xcdatamodel;
		};
/* End XCVersionGroup section */
	};
	rootObject = 629338042A9F01E5008B0EA7 /* Project object */;
}
